// !$*UTF8*$!
{
	archiveVersion = 1;
	classes = {
	};
	objectVersion = 77;
	objects = {

/* Begin PBXBuildFile section */
		0C41C66E2D182D0100365749 /* activation.cpp in Sources */ = {isa = PBXBuildFile; fileRef = 0C41C66D2D182D0100365749 /* activation.cpp */; };
		0C5EBE0B2D190E62001B5300 /* client.cpp in Sources */ = {isa = PBXBuildFile; fileRef = 0C5EBE072D190E62001B5300 /* client.cpp */; };
		0C5EBE0C2D190E62001B5300 /* stats.cpp in Sources */ = {isa = PBXBuildFile; fileRef = 0C5EBE092D190E62001B5300 /* stats.cpp */; };
		0C5EBE0D2D190E62001B5300 /* server.cpp in Sources */ = {isa = PBXBuildFile; fileRef = 0C5EBE082D190E62001B5300 /* server.cpp */; };
		0C5EBE102D19889F001B5300 /* mqtt.c in Sources */ = {isa = PBXBuildFile; fileRef = 0C5EBE0F2D19889A001B5300 /* mqtt.c */; };
		0C5EBE152D198950001B5300 /* mqtt_pal.c in Sources */ = {isa = PBXBuildFile; fileRef = 0C5EBE142D198950001B5300 /* mqtt_pal.c */; };
		0C7647F82D2CFC9D0026AD3C /* runner.cpp in Sources */ = {isa = PBXBuildFile; fileRef = 0C7647F72D2CFC980026AD3C /* runner.cpp */; };
		0C862DBF2D2D5BE20071E5C5 /* ip.cpp in Sources */ = {isa = PBXBuildFile; fileRef = 0C862DBE2D2D5BDA0071E5C5 /* ip.cpp */; };
		0C9603152D170A62005C0CCE /* tensor.cpp in Sources */ = {isa = PBXBuildFile; fileRef = 0C9603142D170A62005C0CCE /* tensor.cpp */; };
		0CCC199E2D1524B9006C9724 /* main.cpp in Sources */ = {isa = PBXBuildFile; fileRef = 0CCC19992D1524B9006C9724 /* main.cpp */; };
		0CF0AE702D1A4AF90026ED79 /* runner.c in Sources */ = {isa = PBXBuildFile; fileRef = 0CF0AE6F2D1A4AF90026ED79 /* runner.c */; };
/* End PBXBuildFile section */

/* Begin PBXCopyFilesBuildPhase section */
		0C91074E2D101F4B00295D50 /* CopyFiles */ = {
			isa = PBXCopyFilesBuildPhase;
			buildActionMask = 2147483647;
			dstPath = /usr/share/man/man1/;
			dstSubfolderSpec = 0;
			files = (
			);
			runOnlyForDeploymentPostprocessing = 1;
		};
/* End PBXCopyFilesBuildPhase section */

/* Begin PBXFileReference section */
		0C1D9C632D1C5A2000C743F4 /* nodes.h */ = {isa = PBXFileReference; lastKnownFileType = sourcecode.c.h; path = nodes.h; sourceTree = "<group>"; };
		0C1E3A492D24525F00EC54E8 /* client.hpp */ = {isa = PBXFileReference; lastKnownFileType = sourcecode.cpp.h; path = client.hpp; sourceTree = "<group>"; };
		0C41C66C2D182D0100365749 /* activation.hpp */ = {isa = PBXFileReference; lastKnownFileType = sourcecode.cpp.h; path = activation.hpp; sourceTree = "<group>"; };
		0C41C66D2D182D0100365749 /* activation.cpp */ = {isa = PBXFileReference; lastKnownFileType = sourcecode.cpp.cpp; path = activation.cpp; sourceTree = "<group>"; };
		0C448B132D1A712000B97488 /* pointers.hpp */ = {isa = PBXFileReference; lastKnownFileType = sourcecode.cpp.h; path = pointers.hpp; sourceTree = "<group>"; };
		0C5EBE022D190E62001B5300 /* server.hpp */ = {isa = PBXFileReference; lastKnownFileType = sourcecode.cpp.h; path = server.hpp; sourceTree = "<group>"; };
		0C5EBE032D190E62001B5300 /* shm_ex1.hpp */ = {isa = PBXFileReference; lastKnownFileType = sourcecode.cpp.h; path = shm_ex1.hpp; sourceTree = "<group>"; };
		0C5EBE042D190E62001B5300 /* sort.hpp */ = {isa = PBXFileReference; lastKnownFileType = sourcecode.cpp.h; path = sort.hpp; sourceTree = "<group>"; };
		0C5EBE052D190E62001B5300 /* stats.hpp */ = {isa = PBXFileReference; lastKnownFileType = sourcecode.cpp.h; path = stats.hpp; sourceTree = "<group>"; };
		0C5EBE072D190E62001B5300 /* client.cpp */ = {isa = PBXFileReference; lastKnownFileType = sourcecode.cpp.cpp; path = client.cpp; sourceTree = "<group>"; };
		0C5EBE082D190E62001B5300 /* server.cpp */ = {isa = PBXFileReference; lastKnownFileType = sourcecode.cpp.cpp; path = server.cpp; sourceTree = "<group>"; };
		0C5EBE092D190E62001B5300 /* stats.cpp */ = {isa = PBXFileReference; lastKnownFileType = sourcecode.cpp.cpp; path = stats.cpp; sourceTree = "<group>"; };
		0C5EBE0F2D19889A001B5300 /* mqtt.c */ = {isa = PBXFileReference; lastKnownFileType = sourcecode.c.c; path = mqtt.c; sourceTree = "<group>"; };
		0C5EBE112D1988EE001B5300 /* mqtt.h */ = {isa = PBXFileReference; lastKnownFileType = sourcecode.c.h; path = mqtt.h; sourceTree = "<group>"; };
		0C5EBE132D198934001B5300 /* mqtt_pal.h */ = {isa = PBXFileReference; lastKnownFileType = sourcecode.c.h; path = mqtt_pal.h; sourceTree = "<group>"; };
		0C5EBE142D198950001B5300 /* mqtt_pal.c */ = {isa = PBXFileReference; lastKnownFileType = sourcecode.c.c; path = mqtt_pal.c; sourceTree = "<group>"; };
		0C7647F62D2CFC8E0026AD3C /* runner.hpp */ = {isa = PBXFileReference; lastKnownFileType = sourcecode.cpp.h; path = runner.hpp; sourceTree = "<group>"; };
		0C7647F72D2CFC980026AD3C /* runner.cpp */ = {isa = PBXFileReference; lastKnownFileType = sourcecode.cpp.cpp; path = runner.cpp; sourceTree = "<group>"; };
		0C862DBE2D2D5BDA0071E5C5 /* ip.cpp */ = {isa = PBXFileReference; lastKnownFileType = sourcecode.cpp.cpp; path = ip.cpp; sourceTree = "<group>"; };
		0C9107502D101F4B00295D50 /* SysHealth */ = {isa = PBXFileReference; explicitFileType = "compiled.mach-o.executable"; includeInIndex = 0; path = SysHealth; sourceTree = BUILT_PRODUCTS_DIR; };
		0C9603132D170A62005C0CCE /* tensor.hpp */ = {isa = PBXFileReference; lastKnownFileType = sourcecode.cpp.h; path = tensor.hpp; sourceTree = "<group>"; };
		0C9603142D170A62005C0CCE /* tensor.cpp */ = {isa = PBXFileReference; lastKnownFileType = sourcecode.cpp.cpp; path = tensor.cpp; sourceTree = "<group>"; };
		0CBDDFF12D198CC300B86E33 /* bio_sockets.h */ = {isa = PBXFileReference; lastKnownFileType = sourcecode.c.h; path = bio_sockets.h; sourceTree = "<group>"; };
		0CCC19992D1524B9006C9724 /* main.cpp */ = {isa = PBXFileReference; lastKnownFileType = sourcecode.cpp.cpp; path = main.cpp; sourceTree = "<group>"; };
		0CF0AE6F2D1A4AF90026ED79 /* runner.c */ = {isa = PBXFileReference; lastKnownFileType = sourcecode.c.c; path = runner.c; sourceTree = "<group>"; };
/* End PBXFileReference section */

/* Begin PBXFrameworksBuildPhase section */
		0C91074D2D101F4B00295D50 /* Frameworks */ = {
			isa = PBXFrameworksBuildPhase;
			buildActionMask = 2147483647;
			files = (
			);
			runOnlyForDeploymentPostprocessing = 0;
		};
/* End PBXFrameworksBuildPhase section */

/* Begin PBXGroup section */
		0C5EBE062D190E62001B5300 /* include */ = {
			isa = PBXGroup;
			children = (
				0C1E3A492D24525F00EC54E8 /* client.hpp */,
				0C1D9C632D1C5A2000C743F4 /* nodes.h */,
				0C448B132D1A712000B97488 /* pointers.hpp */,
				0C5EBE022D190E62001B5300 /* server.hpp */,
				0C5EBE032D190E62001B5300 /* shm_ex1.hpp */,
				0C5EBE042D190E62001B5300 /* sort.hpp */,
				0C5EBE052D190E62001B5300 /* stats.hpp */,
				0C7647F62D2CFC8E0026AD3C /* runner.hpp */,
			);
			path = include;
			sourceTree = "<group>";
		};
		0C5EBE0A2D190E62001B5300 /* tcp */ = {
			isa = PBXGroup;
			children = (
				0C5EBE062D190E62001B5300 /* include */,
				0C5EBE072D190E62001B5300 /* client.cpp */,
				0C5EBE082D190E62001B5300 /* server.cpp */,
				0C7647F72D2CFC980026AD3C /* runner.cpp */,
				0C5EBE092D190E62001B5300 /* stats.cpp */,
			);
			path = tcp;
			sourceTree = "<group>";
		};
		0C5EBE0E2D19883E001B5300 /* mqtt */ = {
			isa = PBXGroup;
			children = (
				0C5EBE122D198907001B5300 /* include */,
				0C5EBE0F2D19889A001B5300 /* mqtt.c */,
				0C5EBE142D198950001B5300 /* mqtt_pal.c */,
				0CF0AE6F2D1A4AF90026ED79 /* runner.c */,
			);
			path = mqtt;
			sourceTree = "<group>";
		};
		0C5EBE122D198907001B5300 /* include */ = {
			isa = PBXGroup;
			children = (
				0CBDDFF12D198CC300B86E33 /* bio_sockets.h */,
				0C5EBE112D1988EE001B5300 /* mqtt.h */,
				0C5EBE132D198934001B5300 /* mqtt_pal.h */,
			);
			path = include;
			sourceTree = "<group>";
		};
		0C862DBD2D2D5BD20071E5C5 /* examples */ = {
			isa = PBXGroup;
			children = (
				0C862DBE2D2D5BDA0071E5C5 /* ip.cpp */,
			);
			path = examples;
			sourceTree = "<group>";
		};
		0C9107472D101F4B00295D50 = {
			isa = PBXGroup;
			children = (
				0CCC199C2D1524B9006C9724 /* src */,
				0C9107512D101F4B00295D50 /* Products */,
			);
			sourceTree = "<group>";
		};
		0C9107512D101F4B00295D50 /* Products */ = {
			isa = PBXGroup;
			children = (
				0C9107502D101F4B00295D50 /* SysHealth */,
			);
			name = Products;
			sourceTree = "<group>";
		};
		0C9603122D170A48005C0CCE /* tensors */ = {
			isa = PBXGroup;
			children = (
				0C9603162D170A68005C0CCE /* include */,
				0C9603142D170A62005C0CCE /* tensor.cpp */,
				0C41C66D2D182D0100365749 /* activation.cpp */,
			);
			path = tensors;
			sourceTree = "<group>";
		};
		0C9603162D170A68005C0CCE /* include */ = {
			isa = PBXGroup;
			children = (
				0C9603132D170A62005C0CCE /* tensor.hpp */,
				0C41C66C2D182D0100365749 /* activation.hpp */,
			);
			path = include;
			sourceTree = "<group>";
		};
		0CCC199C2D1524B9006C9724 /* src */ = {
			isa = PBXGroup;
			children = (
				0CCC19992D1524B9006C9724 /* main.cpp */,
				0C862DBD2D2D5BD20071E5C5 /* examples */,
				0C5EBE0E2D19883E001B5300 /* mqtt */,
				0C5EBE0A2D190E62001B5300 /* tcp */,
				0C9603122D170A48005C0CCE /* tensors */,
			);
			path = src;
			sourceTree = "<group>";
		};
/* End PBXGroup section */

/* Begin PBXNativeTarget section */
		0C91074F2D101F4B00295D50 /* SysHealth */ = {
			isa = PBXNativeTarget;
			buildConfigurationList = 0C9107572D101F4B00295D50 /* Build configuration list for PBXNativeTarget "SysHealth" */;
			buildPhases = (
				0C91074C2D101F4B00295D50 /* Sources */,
				0C91074D2D101F4B00295D50 /* Frameworks */,
				0C91074E2D101F4B00295D50 /* CopyFiles */,
			);
			buildRules = (
			);
			dependencies = (
			);
			name = SysHealth;
			packageProductDependencies = (
			);
			productName = SysHealth;
			productReference = 0C9107502D101F4B00295D50 /* SysHealth */;
			productType = "com.apple.product-type.tool";
		};
/* End PBXNativeTarget section */

/* Begin PBXProject section */
		0C9107482D101F4B00295D50 /* Project object */ = {
			isa = PBXProject;
			attributes = {
				BuildIndependentTargetsInParallel = 1;
				LastSwiftUpdateCheck = 1620;
				LastUpgradeCheck = 1610;
				TargetAttributes = {
					0C91074F2D101F4B00295D50 = {
						CreatedOnToolsVersion = 16.1;
						LastSwiftMigration = 1610;
					};
				};
			};
			buildConfigurationList = 0C91074B2D101F4B00295D50 /* Build configuration list for PBXProject "SysHealth" */;
			developmentRegion = en;
			hasScannedForEncodings = 0;
			knownRegions = (
				en,
				Base,
			);
			mainGroup = 0C9107472D101F4B00295D50;
			minimizedProjectReferenceProxies = 1;
			preferredProjectObjectVersion = 77;
			productRefGroup = 0C9107512D101F4B00295D50 /* Products */;
			projectDirPath = "";
			projectRoot = "";
			targets = (
				0C91074F2D101F4B00295D50 /* SysHealth */,
			);
		};
/* End PBXProject section */

/* Begin PBXSourcesBuildPhase section */
		0C91074C2D101F4B00295D50 /* Sources */ = {
			isa = PBXSourcesBuildPhase;
			buildActionMask = 2147483647;
			files = (
				0CCC199E2D1524B9006C9724 /* main.cpp in Sources */,
				0C5EBE0B2D190E62001B5300 /* client.cpp in Sources */,
				0C5EBE0C2D190E62001B5300 /* stats.cpp in Sources */,
				0C5EBE0D2D190E62001B5300 /* server.cpp in Sources */,
				0C862DBF2D2D5BE20071E5C5 /* ip.cpp in Sources */,
				0CF0AE702D1A4AF90026ED79 /* runner.c in Sources */,
				0C9603152D170A62005C0CCE /* tensor.cpp in Sources */,
				0C5EBE152D198950001B5300 /* mqtt_pal.c in Sources */,
				0C7647F82D2CFC9D0026AD3C /* runner.cpp in Sources */,
				0C5EBE102D19889F001B5300 /* mqtt.c in Sources */,
				0C41C66E2D182D0100365749 /* activation.cpp in Sources */,
			);
			runOnlyForDeploymentPostprocessing = 0;
		};
/* End PBXSourcesBuildPhase section */

/* Begin XCBuildConfiguration section */
		0C9107552D101F4B00295D50 /* Debug */ = {
			isa = XCBuildConfiguration;
			buildSettings = {
				ALWAYS_SEARCH_USER_PATHS = NO;
				ASSETCATALOG_COMPILER_GENERATE_SWIFT_ASSET_SYMBOL_EXTENSIONS = YES;
				CLANG_ANALYZER_NONNULL = YES;
				CLANG_ANALYZER_NUMBER_OBJECT_CONVERSION = YES_AGGRESSIVE;
				CLANG_CXX_LANGUAGE_STANDARD = "gnu++20";
				CLANG_ENABLE_MODULES = YES;
				CLANG_ENABLE_OBJC_ARC = YES;
				CLANG_ENABLE_OBJC_WEAK = YES;
				CLANG_WARN_BLOCK_CAPTURE_AUTORELEASING = YES;
				CLANG_WARN_BOOL_CONVERSION = YES;
				CLANG_WARN_COMMA = YES;
				CLANG_WARN_CONSTANT_CONVERSION = YES;
				CLANG_WARN_DEPRECATED_OBJC_IMPLEMENTATIONS = YES;
				CLANG_WARN_DIRECT_OBJC_ISA_USAGE = YES_ERROR;
				CLANG_WARN_DOCUMENTATION_COMMENTS = YES;
				CLANG_WARN_EMPTY_BODY = YES;
				CLANG_WARN_ENUM_CONVERSION = YES;
				CLANG_WARN_INFINITE_RECURSION = YES;
				CLANG_WARN_INT_CONVERSION = YES;
				CLANG_WARN_NON_LITERAL_NULL_CONVERSION = YES;
				CLANG_WARN_OBJC_IMPLICIT_RETAIN_SELF = YES;
				CLANG_WARN_OBJC_LITERAL_CONVERSION = YES;
				CLANG_WARN_OBJC_ROOT_CLASS = YES_ERROR;
				CLANG_WARN_QUOTED_INCLUDE_IN_FRAMEWORK_HEADER = YES;
				CLANG_WARN_RANGE_LOOP_ANALYSIS = YES;
				CLANG_WARN_STRICT_PROTOTYPES = YES;
				CLANG_WARN_SUSPICIOUS_MOVE = YES;
				CLANG_WARN_UNGUARDED_AVAILABILITY = YES_AGGRESSIVE;
				CLANG_WARN_UNREACHABLE_CODE = YES;
				CLANG_WARN__DUPLICATE_METHOD_MATCH = YES;
				COPY_PHASE_STRIP = NO;
				DEBUG_INFORMATION_FORMAT = dwarf;
				ENABLE_STRICT_OBJC_MSGSEND = YES;
				ENABLE_TESTABILITY = YES;
				ENABLE_USER_SCRIPT_SANDBOXING = YES;
				GCC_C_LANGUAGE_STANDARD = gnu17;
				GCC_DYNAMIC_NO_PIC = NO;
				GCC_NO_COMMON_BLOCKS = YES;
				GCC_OPTIMIZATION_LEVEL = 0;
				GCC_PREPROCESSOR_DEFINITIONS = (
					"DEBUG=1",
					"$(inherited)",
				);
				GCC_WARN_64_TO_32_BIT_CONVERSION = YES;
				GCC_WARN_ABOUT_RETURN_TYPE = YES_ERROR;
				GCC_WARN_UNDECLARED_SELECTOR = YES;
				GCC_WARN_UNINITIALIZED_AUTOS = YES_AGGRESSIVE;
				GCC_WARN_UNUSED_FUNCTION = YES;
				GCC_WARN_UNUSED_VARIABLE = YES;
				LOCALIZATION_PREFERS_STRING_CATALOGS = YES;
				MACOSX_DEPLOYMENT_TARGET = 15.1;
				MTL_ENABLE_DEBUG_INFO = INCLUDE_SOURCE;
				MTL_FAST_MATH = YES;
				ONLY_ACTIVE_ARCH = YES;
				SDKROOT = macosx;
			};
			name = Debug;
		};
		0C9107562D101F4B00295D50 /* Release */ = {
			isa = XCBuildConfiguration;
			buildSettings = {
				ALWAYS_SEARCH_USER_PATHS = NO;
				ASSETCATALOG_COMPILER_GENERATE_SWIFT_ASSET_SYMBOL_EXTENSIONS = YES;
				CLANG_ANALYZER_NONNULL = YES;
				CLANG_ANALYZER_NUMBER_OBJECT_CONVERSION = YES_AGGRESSIVE;
				CLANG_CXX_LANGUAGE_STANDARD = "gnu++20";
				CLANG_ENABLE_MODULES = YES;
				CLANG_ENABLE_OBJC_ARC = YES;
				CLANG_ENABLE_OBJC_WEAK = YES;
				CLANG_WARN_BLOCK_CAPTURE_AUTORELEASING = YES;
				CLANG_WARN_BOOL_CONVERSION = YES;
				CLANG_WARN_COMMA = YES;
				CLANG_WARN_CONSTANT_CONVERSION = YES;
				CLANG_WARN_DEPRECATED_OBJC_IMPLEMENTATIONS = YES;
				CLANG_WARN_DIRECT_OBJC_ISA_USAGE = YES_ERROR;
				CLANG_WARN_DOCUMENTATION_COMMENTS = YES;
				CLANG_WARN_EMPTY_BODY = YES;
				CLANG_WARN_ENUM_CONVERSION = YES;
				CLANG_WARN_INFINITE_RECURSION = YES;
				CLANG_WARN_INT_CONVERSION = YES;
				CLANG_WARN_NON_LITERAL_NULL_CONVERSION = YES;
				CLANG_WARN_OBJC_IMPLICIT_RETAIN_SELF = YES;
				CLANG_WARN_OBJC_LITERAL_CONVERSION = YES;
				CLANG_WARN_OBJC_ROOT_CLASS = YES_ERROR;
				CLANG_WARN_QUOTED_INCLUDE_IN_FRAMEWORK_HEADER = YES;
				CLANG_WARN_RANGE_LOOP_ANALYSIS = YES;
				CLANG_WARN_STRICT_PROTOTYPES = YES;
				CLANG_WARN_SUSPICIOUS_MOVE = YES;
				CLANG_WARN_UNGUARDED_AVAILABILITY = YES_AGGRESSIVE;
				CLANG_WARN_UNREACHABLE_CODE = YES;
				CLANG_WARN__DUPLICATE_METHOD_MATCH = YES;
				COPY_PHASE_STRIP = NO;
				DEBUG_INFORMATION_FORMAT = "dwarf-with-dsym";
				ENABLE_NS_ASSERTIONS = NO;
				ENABLE_STRICT_OBJC_MSGSEND = YES;
				ENABLE_USER_SCRIPT_SANDBOXING = YES;
				GCC_C_LANGUAGE_STANDARD = gnu17;
				GCC_NO_COMMON_BLOCKS = YES;
				GCC_WARN_64_TO_32_BIT_CONVERSION = YES;
				GCC_WARN_ABOUT_RETURN_TYPE = YES_ERROR;
				GCC_WARN_UNDECLARED_SELECTOR = YES;
				GCC_WARN_UNINITIALIZED_AUTOS = YES_AGGRESSIVE;
				GCC_WARN_UNUSED_FUNCTION = YES;
				GCC_WARN_UNUSED_VARIABLE = YES;
				LOCALIZATION_PREFERS_STRING_CATALOGS = YES;
				MACOSX_DEPLOYMENT_TARGET = 15.1;
				MTL_ENABLE_DEBUG_INFO = NO;
				MTL_FAST_MATH = YES;
				SDKROOT = macosx;
			};
			name = Release;
		};
		0C9107582D101F4B00295D50 /* Debug */ = {
			isa = XCBuildConfiguration;
			buildSettings = {
				CLANG_ENABLE_MODULES = YES;
				CODE_SIGN_STYLE = Automatic;
				HEADER_SEARCH_PATHS = "/opt/homebrew/opt/openssl@3/include/**";
				LIBRARY_SEARCH_PATHS = "/opt/homebrew/opt/openssl@3/lib";
				OTHER_LDFLAGS = (
					"-lcrypto",
					"-lssl",
				);
				PRODUCT_NAME = "$(TARGET_NAME)";
				SWIFT_OPTIMIZATION_LEVEL = "-Onone";
				SWIFT_VERSION = 6.0;
			};
			name = Debug;
		};
		0C9107592D101F4B00295D50 /* Release */ = {
			isa = XCBuildConfiguration;
			buildSettings = {
				CLANG_ENABLE_MODULES = YES;
				CODE_SIGN_STYLE = Automatic;
				HEADER_SEARCH_PATHS = "/opt/homebrew/opt/openssl@3/include/**";
				LIBRARY_SEARCH_PATHS = "/opt/homebrew/opt/openssl@3/lib";
				OTHER_LDFLAGS = (
					"-lcrypto",
					"-lssl",
				);
				PRODUCT_NAME = "$(TARGET_NAME)";
				SWIFT_VERSION = 6.0;
			};
			name = Release;
		};
/* End XCBuildConfiguration section */

/* Begin XCConfigurationList section */
		0C91074B2D101F4B00295D50 /* Build configuration list for PBXProject "SysHealth" */ = {
			isa = XCConfigurationList;
			buildConfigurations = (
				0C9107552D101F4B00295D50 /* Debug */,
				0C9107562D101F4B00295D50 /* Release */,
			);
			defaultConfigurationIsVisible = 0;
			defaultConfigurationName = Release;
		};
		0C9107572D101F4B00295D50 /* Build configuration list for PBXNativeTarget "SysHealth" */ = {
			isa = XCConfigurationList;
			buildConfigurations = (
				0C9107582D101F4B00295D50 /* Debug */,
				0C9107592D101F4B00295D50 /* Release */,
			);
			defaultConfigurationIsVisible = 0;
			defaultConfigurationName = Release;
		};
/* End XCConfigurationList section */
	};
	rootObject = 0C9107482D101F4B00295D50 /* Project object */;
}
